// !$*UTF8*$!
{
	archiveVersion = 1;
	classes = {
	};
	objectVersion = 56;
	objects = {

/* Begin PBXBuildFile section */
		38403B3C2BEF09DC0037A8E2 /* Assets.xcassets in Resources */ = {isa = PBXBuildFile; fileRef = 38403B3B2BEF09DC0037A8E2 /* Assets.xcassets */; };
		38403B3F2BEF09DC0037A8E2 /* Preview Assets.xcassets in Resources */ = {isa = PBXBuildFile; fileRef = 38403B3E2BEF09DC0037A8E2 /* Preview Assets.xcassets */; };
		38403B5F2BEF09E30037A8E2 /* WebView.swift in Sources */ = {isa = PBXBuildFile; fileRef = 38B3A4342BEC44C700C27E1A /* WebView.swift */; };
		38403B602BEF09E30037A8E2 /* Stossy11DIscordApp.swift in Sources */ = {isa = PBXBuildFile; fileRef = 387AD0492BE5EBE10073CADF /* Stossy11DIscordApp.swift */; };
		38403B612BEF09E30037A8E2 /* ContentView.swift in Sources */ = {isa = PBXBuildFile; fileRef = 387AD04B2BE5EBE10073CADF /* ContentView.swift */; };
		38403B622BEF09E30037A8E2 /* LoginView.swift in Sources */ = {isa = PBXBuildFile; fileRef = 38303C5D2BEC80BA0085D277 /* LoginView.swift */; };
		38403B6B2BEF0B2A0037A8E2 /* KeychainSwift in Frameworks */ = {isa = PBXBuildFile; productRef = 38403B6A2BEF0B2A0037A8E2 /* KeychainSwift */; };
		38403B6D2BEF0B550037A8E2 /* Starscream in Frameworks */ = {isa = PBXBuildFile; productRef = 38403B6C2BEF0B550037A8E2 /* Starscream */; };
		386B2EEE2BEF1EA600FCF947 /* StossycordAppleTVApp.swift in Sources */ = {isa = PBXBuildFile; fileRef = 386B2EED2BEF1EA600FCF947 /* StossycordAppleTVApp.swift */; };
		386B2EF02BEF1EA600FCF947 /* ContentView.swift in Sources */ = {isa = PBXBuildFile; fileRef = 386B2EEF2BEF1EA600FCF947 /* ContentView.swift */; };
		386B2EF22BEF1EA700FCF947 /* Assets.xcassets in Resources */ = {isa = PBXBuildFile; fileRef = 386B2EF12BEF1EA700FCF947 /* Assets.xcassets */; };
		386B2EF52BEF1EA700FCF947 /* Preview Assets.xcassets in Resources */ = {isa = PBXBuildFile; fileRef = 386B2EF42BEF1EA700FCF947 /* Preview Assets.xcassets */; };
		386B2EFA2BEF1ECE00FCF947 /* LoginView.swift in Sources */ = {isa = PBXBuildFile; fileRef = 386B2EF92BEF1ECE00FCF947 /* LoginView.swift */; };
		386B2EFC2BEF1EDA00FCF947 /* Stossy11DiscordAppleTVApp.swift in Sources */ = {isa = PBXBuildFile; fileRef = 386B2EFB2BEF1EDA00FCF947 /* Stossy11DiscordAppleTVApp.swift */; };
		386B2F002BEF1FEB00FCF947 /* KeychainSwift in Frameworks */ = {isa = PBXBuildFile; productRef = 386B2EFF2BEF1FEB00FCF947 /* KeychainSwift */; };
		386B2F022BEF1FFB00FCF947 /* Starscream in Frameworks */ = {isa = PBXBuildFile; productRef = 386B2F012BEF1FFB00FCF947 /* Starscream */; };
		38CDD4E02BF0C9DF005A03CA /* StossycordmacOSApp.swift in Sources */ = {isa = PBXBuildFile; fileRef = 38CDD4DF2BF0C9DF005A03CA /* StossycordmacOSApp.swift */; };
		38CDD4E22BF0C9DF005A03CA /* ContentView.swift in Sources */ = {isa = PBXBuildFile; fileRef = 38CDD4E12BF0C9DF005A03CA /* ContentView.swift */; };
		38CDD4E42BF0C9E0005A03CA /* Assets.xcassets in Resources */ = {isa = PBXBuildFile; fileRef = 38CDD4E32BF0C9E0005A03CA /* Assets.xcassets */; };
		38CDD4E72BF0C9E0005A03CA /* Preview Assets.xcassets in Resources */ = {isa = PBXBuildFile; fileRef = 38CDD4E62BF0C9E0005A03CA /* Preview Assets.xcassets */; };
		38CDD4ED2BF0CBB6005A03CA /* Starscream in Frameworks */ = {isa = PBXBuildFile; productRef = 38CDD4EC2BF0CBB6005A03CA /* Starscream */; };
		38CDD4EF2BF0CBBF005A03CA /* KeychainSwift in Frameworks */ = {isa = PBXBuildFile; productRef = 38CDD4EE2BF0CBBF005A03CA /* KeychainSwift */; };
		38CDD4F32BF0CC23005A03CA /* LoginView.swift in Sources */ = {isa = PBXBuildFile; fileRef = 38CDD4F22BF0CC23005A03CA /* LoginView.swift */; };
		38CDD4F82BF0CD80005A03CA /* Giffy in Frameworks */ = {isa = PBXBuildFile; productRef = 38CDD4F72BF0CD80005A03CA /* Giffy */; };
		38CDD4FA2BF0CD8A005A03CA /* Giffy in Frameworks */ = {isa = PBXBuildFile; productRef = 38CDD4F92BF0CD8A005A03CA /* Giffy */; };
/* End PBXBuildFile section */

/* Begin PBXCopyFilesBuildPhase section */
		386B2EDA2BEF118900FCF947 /* Embed Watch Content */ = {
			isa = PBXCopyFilesBuildPhase;
			buildActionMask = 2147483647;
			dstPath = "$(CONTENTS_FOLDER_PATH)/Watch";
			dstSubfolderSpec = 16;
			files = (
			);
			name = "Embed Watch Content";
			runOnlyForDeploymentPostprocessing = 0;
		};
/* End PBXCopyFilesBuildPhase section */

/* Begin PBXFileReference section */
		38303C5D2BEC80BA0085D277 /* LoginView.swift */ = {isa = PBXFileReference; lastKnownFileType = sourcecode.swift; path = LoginView.swift; sourceTree = "<group>"; };
		38403B352BEF09DB0037A8E2 /* Stossycord.app */ = {isa = PBXFileReference; explicitFileType = wrapper.application; includeInIndex = 0; path = Stossycord.app; sourceTree = BUILT_PRODUCTS_DIR; };
		38403B3B2BEF09DC0037A8E2 /* Assets.xcassets */ = {isa = PBXFileReference; lastKnownFileType = folder.assetcatalog; path = Assets.xcassets; sourceTree = "<group>"; };
		38403B3E2BEF09DC0037A8E2 /* Preview Assets.xcassets */ = {isa = PBXFileReference; lastKnownFileType = folder.assetcatalog; path = "Preview Assets.xcassets"; sourceTree = "<group>"; };
		38403B482BEF09DC0037A8E2 /* StossycordTests.swift */ = {isa = PBXFileReference; lastKnownFileType = sourcecode.swift; path = StossycordTests.swift; sourceTree = "<group>"; };
		38403B522BEF09DC0037A8E2 /* StossycordUITests.swift */ = {isa = PBXFileReference; lastKnownFileType = sourcecode.swift; path = StossycordUITests.swift; sourceTree = "<group>"; };
		38403B542BEF09DC0037A8E2 /* StossycordUITestsLaunchTests.swift */ = {isa = PBXFileReference; lastKnownFileType = sourcecode.swift; path = StossycordUITestsLaunchTests.swift; sourceTree = "<group>"; };
		3869C22A2BEE4C5C000F96AB /* Stossy11DiscordAppleTVTests.swift */ = {isa = PBXFileReference; lastKnownFileType = sourcecode.swift; path = Stossy11DiscordAppleTVTests.swift; sourceTree = "<group>"; };
		3869C2342BEE4C5C000F96AB /* Stossy11DiscordAppleTVUITests.swift */ = {isa = PBXFileReference; lastKnownFileType = sourcecode.swift; path = Stossy11DiscordAppleTVUITests.swift; sourceTree = "<group>"; };
		3869C2362BEE4C5C000F96AB /* Stossy11DiscordAppleTVUITestsLaunchTests.swift */ = {isa = PBXFileReference; lastKnownFileType = sourcecode.swift; path = Stossy11DiscordAppleTVUITestsLaunchTests.swift; sourceTree = "<group>"; };
		386B2EEB2BEF1EA600FCF947 /* StossycordAppleTV.app */ = {isa = PBXFileReference; explicitFileType = wrapper.application; includeInIndex = 0; path = StossycordAppleTV.app; sourceTree = BUILT_PRODUCTS_DIR; };
		386B2EED2BEF1EA600FCF947 /* StossycordAppleTVApp.swift */ = {isa = PBXFileReference; lastKnownFileType = sourcecode.swift; path = StossycordAppleTVApp.swift; sourceTree = "<group>"; };
		386B2EEF2BEF1EA600FCF947 /* ContentView.swift */ = {isa = PBXFileReference; lastKnownFileType = sourcecode.swift; path = ContentView.swift; sourceTree = "<group>"; };
		386B2EF12BEF1EA700FCF947 /* Assets.xcassets */ = {isa = PBXFileReference; lastKnownFileType = folder.assetcatalog; path = Assets.xcassets; sourceTree = "<group>"; };
		386B2EF42BEF1EA700FCF947 /* Preview Assets.xcassets */ = {isa = PBXFileReference; lastKnownFileType = folder.assetcatalog; path = "Preview Assets.xcassets"; sourceTree = "<group>"; };
		386B2EF92BEF1ECE00FCF947 /* LoginView.swift */ = {isa = PBXFileReference; fileEncoding = 4; lastKnownFileType = sourcecode.swift; path = LoginView.swift; sourceTree = "<group>"; };
		386B2EFB2BEF1EDA00FCF947 /* Stossy11DiscordAppleTVApp.swift */ = {isa = PBXFileReference; fileEncoding = 4; lastKnownFileType = sourcecode.swift; path = Stossy11DiscordAppleTVApp.swift; sourceTree = "<group>"; };
		387AD0492BE5EBE10073CADF /* Stossy11DIscordApp.swift */ = {isa = PBXFileReference; lastKnownFileType = sourcecode.swift; path = Stossy11DIscordApp.swift; sourceTree = "<group>"; wrapsLines = 0; };
		387AD04B2BE5EBE10073CADF /* ContentView.swift */ = {isa = PBXFileReference; lastKnownFileType = sourcecode.swift; name = ContentView.swift; path = ../Stossy11DIscord/ContentView.swift; sourceTree = "<group>"; wrapsLines = 0; };
		387AD04D2BE5EBE20073CADF /* Assets.xcassets */ = {isa = PBXFileReference; lastKnownFileType = folder.assetcatalog; name = Assets.xcassets; path = ../Stossy11DIscord/Assets.xcassets; sourceTree = "<group>"; };
		387AD0502BE5EBE20073CADF /* Preview Assets.xcassets */ = {isa = PBXFileReference; lastKnownFileType = folder.assetcatalog; path = "Preview Assets.xcassets"; sourceTree = "<group>"; };
		38B3A4342BEC44C700C27E1A /* WebView.swift */ = {isa = PBXFileReference; lastKnownFileType = sourcecode.swift; path = WebView.swift; sourceTree = "<group>"; };
		38CDD4DD2BF0C9DF005A03CA /* StossycordmacOS.app */ = {isa = PBXFileReference; explicitFileType = wrapper.application; includeInIndex = 0; path = StossycordmacOS.app; sourceTree = BUILT_PRODUCTS_DIR; };
		38CDD4DF2BF0C9DF005A03CA /* StossycordmacOSApp.swift */ = {isa = PBXFileReference; lastKnownFileType = sourcecode.swift; path = StossycordmacOSApp.swift; sourceTree = "<group>"; };
		38CDD4E12BF0C9DF005A03CA /* ContentView.swift */ = {isa = PBXFileReference; lastKnownFileType = sourcecode.swift; path = ContentView.swift; sourceTree = "<group>"; };
		38CDD4E32BF0C9E0005A03CA /* Assets.xcassets */ = {isa = PBXFileReference; lastKnownFileType = folder.assetcatalog; path = Assets.xcassets; sourceTree = "<group>"; };
		38CDD4E62BF0C9E0005A03CA /* Preview Assets.xcassets */ = {isa = PBXFileReference; lastKnownFileType = folder.assetcatalog; path = "Preview Assets.xcassets"; sourceTree = "<group>"; };
		38CDD4E82BF0C9E0005A03CA /* StossycordmacOS.entitlements */ = {isa = PBXFileReference; lastKnownFileType = text.plist.entitlements; path = StossycordmacOS.entitlements; sourceTree = "<group>"; };
		38CDD4F22BF0CC23005A03CA /* LoginView.swift */ = {isa = PBXFileReference; lastKnownFileType = sourcecode.swift; path = LoginView.swift; sourceTree = "<group>"; };
/* End PBXFileReference section */

/* Begin PBXFrameworksBuildPhase section */
		38403B322BEF09DB0037A8E2 /* Frameworks */ = {
			isa = PBXFrameworksBuildPhase;
			buildActionMask = 2147483647;
			files = (
				38CDD4F82BF0CD80005A03CA /* Giffy in Frameworks */,
				38403B6B2BEF0B2A0037A8E2 /* KeychainSwift in Frameworks */,
				38403B6D2BEF0B550037A8E2 /* Starscream in Frameworks */,
			);
			runOnlyForDeploymentPostprocessing = 0;
		};
		386B2EE82BEF1EA600FCF947 /* Frameworks */ = {
			isa = PBXFrameworksBuildPhase;
			buildActionMask = 2147483647;
			files = (
				38CDD4FA2BF0CD8A005A03CA /* Giffy in Frameworks */,
				386B2F002BEF1FEB00FCF947 /* KeychainSwift in Frameworks */,
				386B2F022BEF1FFB00FCF947 /* Starscream in Frameworks */,
			);
			runOnlyForDeploymentPostprocessing = 0;
		};
		38CDD4DA2BF0C9DF005A03CA /* Frameworks */ = {
			isa = PBXFrameworksBuildPhase;
			buildActionMask = 2147483647;
			files = (
				38CDD4EF2BF0CBBF005A03CA /* KeychainSwift in Frameworks */,
				38CDD4ED2BF0CBB6005A03CA /* Starscream in Frameworks */,
			);
			runOnlyForDeploymentPostprocessing = 0;
		};
/* End PBXFrameworksBuildPhase section */

/* Begin PBXGroup section */
		38403B362BEF09DB0037A8E2 /* Stossycord */ = {
			isa = PBXGroup;
			children = (
				387AD0492BE5EBE10073CADF /* Stossy11DIscordApp.swift */,
				387AD04B2BE5EBE10073CADF /* ContentView.swift */,
				38B3A4342BEC44C700C27E1A /* WebView.swift */,
				387AD04D2BE5EBE20073CADF /* Assets.xcassets */,
				387AD04F2BE5EBE20073CADF /* Preview Content */,
				38303C5D2BEC80BA0085D277 /* LoginView.swift */,
				38403B3B2BEF09DC0037A8E2 /* Assets.xcassets */,
				38403B3D2BEF09DC0037A8E2 /* Preview Content */,
			);
			path = Stossycord;
			sourceTree = "<group>";
		};
		38403B3D2BEF09DC0037A8E2 /* Preview Content */ = {
			isa = PBXGroup;
			children = (
				38403B3E2BEF09DC0037A8E2 /* Preview Assets.xcassets */,
			);
			path = "Preview Content";
			sourceTree = "<group>";
		};
		38403B472BEF09DC0037A8E2 /* StossycordTests */ = {
			isa = PBXGroup;
			children = (
				38403B482BEF09DC0037A8E2 /* StossycordTests.swift */,
			);
			path = StossycordTests;
			sourceTree = "<group>";
		};
		38403B512BEF09DC0037A8E2 /* StossycordUITests */ = {
			isa = PBXGroup;
			children = (
				38403B522BEF09DC0037A8E2 /* StossycordUITests.swift */,
				38403B542BEF09DC0037A8E2 /* StossycordUITestsLaunchTests.swift */,
			);
			path = StossycordUITests;
			sourceTree = "<group>";
		};
		3869C2292BEE4C5C000F96AB /* Stossy11DiscordAppleTVTests */ = {
			isa = PBXGroup;
			children = (
				3869C22A2BEE4C5C000F96AB /* Stossy11DiscordAppleTVTests.swift */,
			);
			path = Stossy11DiscordAppleTVTests;
			sourceTree = "<group>";
		};
		3869C2332BEE4C5C000F96AB /* Stossy11DiscordAppleTVUITests */ = {
			isa = PBXGroup;
			children = (
				3869C2342BEE4C5C000F96AB /* Stossy11DiscordAppleTVUITests.swift */,
				3869C2362BEE4C5C000F96AB /* Stossy11DiscordAppleTVUITestsLaunchTests.swift */,
			);
			path = Stossy11DiscordAppleTVUITests;
			sourceTree = "<group>";
		};
		386B2EEC2BEF1EA600FCF947 /* StossycordAppleTV */ = {
			isa = PBXGroup;
			children = (
				386B2EFB2BEF1EDA00FCF947 /* Stossy11DiscordAppleTVApp.swift */,
				386B2EED2BEF1EA600FCF947 /* StossycordAppleTVApp.swift */,
				386B2EEF2BEF1EA600FCF947 /* ContentView.swift */,
				386B2EF92BEF1ECE00FCF947 /* LoginView.swift */,
				386B2EF12BEF1EA700FCF947 /* Assets.xcassets */,
				386B2EF32BEF1EA700FCF947 /* Preview Content */,
			);
			path = StossycordAppleTV;
			sourceTree = "<group>";
		};
		386B2EF32BEF1EA700FCF947 /* Preview Content */ = {
			isa = PBXGroup;
			children = (
				386B2EF42BEF1EA700FCF947 /* Preview Assets.xcassets */,
			);
			path = "Preview Content";
			sourceTree = "<group>";
		};
		387AD03D2BE5EBE10073CADF = {
			isa = PBXGroup;
			children = (
				3869C2292BEE4C5C000F96AB /* Stossy11DiscordAppleTVTests */,
				3869C2332BEE4C5C000F96AB /* Stossy11DiscordAppleTVUITests */,
				38403B362BEF09DB0037A8E2 /* Stossycord */,
				38403B472BEF09DC0037A8E2 /* StossycordTests */,
				38403B512BEF09DC0037A8E2 /* StossycordUITests */,
				386B2EEC2BEF1EA600FCF947 /* StossycordAppleTV */,
				38CDD4DE2BF0C9DF005A03CA /* StossycordmacOS */,
				387AD0472BE5EBE10073CADF /* Products */,
			);
			sourceTree = "<group>";
		};
		387AD0472BE5EBE10073CADF /* Products */ = {
			isa = PBXGroup;
			children = (
				38403B352BEF09DB0037A8E2 /* Stossycord.app */,
				386B2EEB2BEF1EA600FCF947 /* StossycordAppleTV.app */,
				38CDD4DD2BF0C9DF005A03CA /* StossycordmacOS.app */,
			);
			name = Products;
			sourceTree = "<group>";
		};
		387AD04F2BE5EBE20073CADF /* Preview Content */ = {
			isa = PBXGroup;
			children = (
				387AD0502BE5EBE20073CADF /* Preview Assets.xcassets */,
			);
			name = "Preview Content";
			path = "../Stossy11DIscord/Preview Content";
			sourceTree = "<group>";
		};
		38CDD4DE2BF0C9DF005A03CA /* StossycordmacOS */ = {
			isa = PBXGroup;
			children = (
				38CDD4DF2BF0C9DF005A03CA /* StossycordmacOSApp.swift */,
				38CDD4E12BF0C9DF005A03CA /* ContentView.swift */,
				38CDD4E32BF0C9E0005A03CA /* Assets.xcassets */,
				38CDD4E82BF0C9E0005A03CA /* StossycordmacOS.entitlements */,
				38CDD4E52BF0C9E0005A03CA /* Preview Content */,
				38CDD4F22BF0CC23005A03CA /* LoginView.swift */,
			);
			path = StossycordmacOS;
			sourceTree = "<group>";
		};
		38CDD4E52BF0C9E0005A03CA /* Preview Content */ = {
			isa = PBXGroup;
			children = (
				38CDD4E62BF0C9E0005A03CA /* Preview Assets.xcassets */,
			);
			path = "Preview Content";
			sourceTree = "<group>";
		};
/* End PBXGroup section */

/* Begin PBXNativeTarget section */
		38403B342BEF09DB0037A8E2 /* Stossycord */ = {
			isa = PBXNativeTarget;
			buildConfigurationList = 38403B5C2BEF09DC0037A8E2 /* Build configuration list for PBXNativeTarget "Stossycord" */;
			buildPhases = (
				38403B312BEF09DB0037A8E2 /* Sources */,
				38403B322BEF09DB0037A8E2 /* Frameworks */,
				38403B332BEF09DB0037A8E2 /* Resources */,
				386B2EDA2BEF118900FCF947 /* Embed Watch Content */,
			);
			buildRules = (
			);
			dependencies = (
			);
			name = Stossycord;
			packageProductDependencies = (
				38403B6A2BEF0B2A0037A8E2 /* KeychainSwift */,
				38403B6C2BEF0B550037A8E2 /* Starscream */,
				38CDD4F72BF0CD80005A03CA /* Giffy */,
			);
			productName = Stossycord;
			productReference = 38403B352BEF09DB0037A8E2 /* Stossycord.app */;
			productType = "com.apple.product-type.application";
		};
		386B2EEA2BEF1EA600FCF947 /* StossycordAppleTV */ = {
			isa = PBXNativeTarget;
			buildConfigurationList = 386B2EF62BEF1EA700FCF947 /* Build configuration list for PBXNativeTarget "StossycordAppleTV" */;
			buildPhases = (
				386B2EE72BEF1EA600FCF947 /* Sources */,
				386B2EE82BEF1EA600FCF947 /* Frameworks */,
				386B2EE92BEF1EA600FCF947 /* Resources */,
			);
			buildRules = (
			);
			dependencies = (
			);
			name = StossycordAppleTV;
			packageProductDependencies = (
				386B2EFF2BEF1FEB00FCF947 /* KeychainSwift */,
				386B2F012BEF1FFB00FCF947 /* Starscream */,
				38CDD4F92BF0CD8A005A03CA /* Giffy */,
			);
			productName = StossycordAppleTV;
			productReference = 386B2EEB2BEF1EA600FCF947 /* StossycordAppleTV.app */;
			productType = "com.apple.product-type.application";
		};
		38CDD4DC2BF0C9DF005A03CA /* StossycordmacOS */ = {
			isa = PBXNativeTarget;
			buildConfigurationList = 38CDD4EB2BF0C9E0005A03CA /* Build configuration list for PBXNativeTarget "StossycordmacOS" */;
			buildPhases = (
				38CDD4D92BF0C9DF005A03CA /* Sources */,
				38CDD4DA2BF0C9DF005A03CA /* Frameworks */,
				38CDD4DB2BF0C9DF005A03CA /* Resources */,
			);
			buildRules = (
			);
			dependencies = (
			);
			name = StossycordmacOS;
			packageProductDependencies = (
				38CDD4EC2BF0CBB6005A03CA /* Starscream */,
				38CDD4EE2BF0CBBF005A03CA /* KeychainSwift */,
			);
			productName = StossycordmacOS;
			productReference = 38CDD4DD2BF0C9DF005A03CA /* StossycordmacOS.app */;
			productType = "com.apple.product-type.application";
		};
/* End PBXNativeTarget section */

/* Begin PBXProject section */
		387AD03E2BE5EBE10073CADF /* Project object */ = {
			isa = PBXProject;
			attributes = {
				BuildIndependentTargetsInParallel = 1;
				LastSwiftUpdateCheck = 1530;
				LastUpgradeCheck = 1530;
				TargetAttributes = {
					38403B342BEF09DB0037A8E2 = {
						CreatedOnToolsVersion = 15.3;
					};
					386B2EEA2BEF1EA600FCF947 = {
						CreatedOnToolsVersion = 15.3;
					};
					38CDD4DC2BF0C9DF005A03CA = {
						CreatedOnToolsVersion = 15.3;
					};
				};
			};
			buildConfigurationList = 387AD0412BE5EBE10073CADF /* Build configuration list for PBXProject "Stossy11DIscord" */;
			compatibilityVersion = "Xcode 14.0";
			developmentRegion = en;
			hasScannedForEncodings = 0;
			knownRegions = (
				en,
				Base,
			);
			mainGroup = 387AD03D2BE5EBE10073CADF;
			packageReferences = (
				38AB136D2BE646BC002104B0 /* XCRemoteSwiftPackageReference "Starscream" */,
				38303C5F2BECA33E0085D277 /* XCRemoteSwiftPackageReference "keychain-swift" */,
				38CDD4F62BF0CD7F005A03CA /* XCRemoteSwiftPackageReference "giffy" */,
			);
			productRefGroup = 387AD0472BE5EBE10073CADF /* Products */;
			projectDirPath = "";
			projectRoot = "";
			targets = (
				38403B342BEF09DB0037A8E2 /* Stossycord */,
				386B2EEA2BEF1EA600FCF947 /* StossycordAppleTV */,
				38CDD4DC2BF0C9DF005A03CA /* StossycordmacOS */,
			);
		};
/* End PBXProject section */

/* Begin PBXResourcesBuildPhase section */
		38403B332BEF09DB0037A8E2 /* Resources */ = {
			isa = PBXResourcesBuildPhase;
			buildActionMask = 2147483647;
			files = (
				38403B3F2BEF09DC0037A8E2 /* Preview Assets.xcassets in Resources */,
				38403B3C2BEF09DC0037A8E2 /* Assets.xcassets in Resources */,
			);
			runOnlyForDeploymentPostprocessing = 0;
		};
		386B2EE92BEF1EA600FCF947 /* Resources */ = {
			isa = PBXResourcesBuildPhase;
			buildActionMask = 2147483647;
			files = (
				386B2EF52BEF1EA700FCF947 /* Preview Assets.xcassets in Resources */,
				386B2EF22BEF1EA700FCF947 /* Assets.xcassets in Resources */,
			);
			runOnlyForDeploymentPostprocessing = 0;
		};
		38CDD4DB2BF0C9DF005A03CA /* Resources */ = {
			isa = PBXResourcesBuildPhase;
			buildActionMask = 2147483647;
			files = (
				38CDD4E72BF0C9E0005A03CA /* Preview Assets.xcassets in Resources */,
				38CDD4E42BF0C9E0005A03CA /* Assets.xcassets in Resources */,
			);
			runOnlyForDeploymentPostprocessing = 0;
		};
/* End PBXResourcesBuildPhase section */

/* Begin PBXSourcesBuildPhase section */
		38403B312BEF09DB0037A8E2 /* Sources */ = {
			isa = PBXSourcesBuildPhase;
			buildActionMask = 2147483647;
			files = (
				38403B622BEF09E30037A8E2 /* LoginView.swift in Sources */,
				38403B5F2BEF09E30037A8E2 /* WebView.swift in Sources */,
				38403B612BEF09E30037A8E2 /* ContentView.swift in Sources */,
				38403B602BEF09E30037A8E2 /* Stossy11DIscordApp.swift in Sources */,
			);
			runOnlyForDeploymentPostprocessing = 0;
		};
		386B2EE72BEF1EA600FCF947 /* Sources */ = {
			isa = PBXSourcesBuildPhase;
			buildActionMask = 2147483647;
			files = (
				386B2EFA2BEF1ECE00FCF947 /* LoginView.swift in Sources */,
				386B2EF02BEF1EA600FCF947 /* ContentView.swift in Sources */,
				386B2EFC2BEF1EDA00FCF947 /* Stossy11DiscordAppleTVApp.swift in Sources */,
				386B2EEE2BEF1EA600FCF947 /* StossycordAppleTVApp.swift in Sources */,
			);
			runOnlyForDeploymentPostprocessing = 0;
		};
		38CDD4D92BF0C9DF005A03CA /* Sources */ = {
			isa = PBXSourcesBuildPhase;
			buildActionMask = 2147483647;
			files = (
				38CDD4F32BF0CC23005A03CA /* LoginView.swift in Sources */,
				38CDD4E22BF0C9DF005A03CA /* ContentView.swift in Sources */,
				38CDD4E02BF0C9DF005A03CA /* StossycordmacOSApp.swift in Sources */,
			);
			runOnlyForDeploymentPostprocessing = 0;
		};
/* End PBXSourcesBuildPhase section */

/* Begin XCBuildConfiguration section */
		38403B562BEF09DC0037A8E2 /* Debug */ = {
			isa = XCBuildConfiguration;
			buildSettings = {
				ALWAYS_EMBED_SWIFT_STANDARD_LIBRARIES = YES;
				ASSETCATALOG_COMPILER_APPICON_NAME = AppIcon;
				ASSETCATALOG_COMPILER_GLOBAL_ACCENT_COLOR_NAME = AccentColor;
				CODE_SIGN_IDENTITY = "Apple Development";
				CODE_SIGN_STYLE = Automatic;
				CURRENT_PROJECT_VERSION = 1;
				DEVELOPMENT_ASSET_PATHS = "\"Stossycord/Preview Content\"";
				DEVELOPMENT_TEAM = 95J8WZ4TN8;
				ENABLE_PREVIEWS = YES;
				GENERATE_INFOPLIST_FILE = YES;
				INFOPLIST_KEY_CFBundleDisplayName = stossycord;
				INFOPLIST_KEY_UIApplicationSceneManifest_Generation = YES;
				INFOPLIST_KEY_UIApplicationSupportsIndirectInputEvents = YES;
				INFOPLIST_KEY_UILaunchScreen_Generation = YES;
				INFOPLIST_KEY_UISupportedInterfaceOrientations_iPad = "UIInterfaceOrientationPortrait UIInterfaceOrientationPortraitUpsideDown UIInterfaceOrientationLandscapeLeft UIInterfaceOrientationLandscapeRight";
				INFOPLIST_KEY_UISupportedInterfaceOrientations_iPhone = "UIInterfaceOrientationPortrait UIInterfaceOrientationLandscapeLeft UIInterfaceOrientationLandscapeRight";
				IPHONEOS_DEPLOYMENT_TARGET = 16.0;
				LD_RUNPATH_SEARCH_PATHS = (
					"$(inherited)",
					"@executable_path/Frameworks",
				);
				MARKETING_VERSION = 1.0;
				PRODUCT_BUNDLE_IDENTIFIER = com.stossy11.stossycord1;
				PRODUCT_NAME = "$(TARGET_NAME)";
				PROVISIONING_PROFILE_SPECIFIER = "";
				SWIFT_EMIT_LOC_STRINGS = YES;
				SWIFT_VERSION = 5.0;
				TARGETED_DEVICE_FAMILY = "1,2";
			};
			name = Debug;
		};
		38403B572BEF09DC0037A8E2 /* Release */ = {
			isa = XCBuildConfiguration;
			buildSettings = {
				ALWAYS_EMBED_SWIFT_STANDARD_LIBRARIES = YES;
				ASSETCATALOG_COMPILER_APPICON_NAME = AppIcon;
				ASSETCATALOG_COMPILER_GLOBAL_ACCENT_COLOR_NAME = AccentColor;
				CODE_SIGN_IDENTITY = "Apple Development";
				CODE_SIGN_STYLE = Automatic;
				CURRENT_PROJECT_VERSION = 1;
				DEVELOPMENT_ASSET_PATHS = "\"Stossycord/Preview Content\"";
				DEVELOPMENT_TEAM = 95J8WZ4TN8;
				ENABLE_PREVIEWS = YES;
				GENERATE_INFOPLIST_FILE = YES;
				INFOPLIST_KEY_CFBundleDisplayName = stossycord;
				INFOPLIST_KEY_UIApplicationSceneManifest_Generation = YES;
				INFOPLIST_KEY_UIApplicationSupportsIndirectInputEvents = YES;
				INFOPLIST_KEY_UILaunchScreen_Generation = YES;
				INFOPLIST_KEY_UISupportedInterfaceOrientations_iPad = "UIInterfaceOrientationPortrait UIInterfaceOrientationPortraitUpsideDown UIInterfaceOrientationLandscapeLeft UIInterfaceOrientationLandscapeRight";
				INFOPLIST_KEY_UISupportedInterfaceOrientations_iPhone = "UIInterfaceOrientationPortrait UIInterfaceOrientationLandscapeLeft UIInterfaceOrientationLandscapeRight";
				IPHONEOS_DEPLOYMENT_TARGET = 16.0;
				LD_RUNPATH_SEARCH_PATHS = (
					"$(inherited)",
					"@executable_path/Frameworks",
				);
				MARKETING_VERSION = 1.0;
				PRODUCT_BUNDLE_IDENTIFIER = com.stossy11.stossycord1;
				PRODUCT_NAME = "$(TARGET_NAME)";
				PROVISIONING_PROFILE_SPECIFIER = "";
				SWIFT_EMIT_LOC_STRINGS = YES;
				SWIFT_VERSION = 5.0;
				TARGETED_DEVICE_FAMILY = "1,2";
			};
			name = Release;
		};
		386B2EF72BEF1EA700FCF947 /* Debug */ = {
			isa = XCBuildConfiguration;
			buildSettings = {
				ASSETCATALOG_COMPILER_APPICON_NAME = "App Icon & Top Shelf Image";
				ASSETCATALOG_COMPILER_GLOBAL_ACCENT_COLOR_NAME = AccentColor;
				CODE_SIGN_STYLE = Automatic;
				CURRENT_PROJECT_VERSION = 1;
				DEVELOPMENT_ASSET_PATHS = "\"StossycordAppleTV/Preview Content\"";
				DEVELOPMENT_TEAM = 95J8WZ4TN8;
				ENABLE_PREVIEWS = YES;
				GENERATE_INFOPLIST_FILE = YES;
				INFOPLIST_KEY_CFBundleDisplayName = Stossycord;
				INFOPLIST_KEY_UILaunchScreen_Generation = YES;
				INFOPLIST_KEY_UIUserInterfaceStyle = Automatic;
				LD_RUNPATH_SEARCH_PATHS = (
					"$(inherited)",
					"@executable_path/Frameworks",
				);
				MARKETING_VERSION = 1.0;
				PRODUCT_BUNDLE_IDENTIFIER = com.stossy11.StossycordAppleTV;
				PRODUCT_NAME = "$(TARGET_NAME)";
				SDKROOT = appletvos;
				SWIFT_EMIT_LOC_STRINGS = YES;
				SWIFT_VERSION = 5.0;
				TARGETED_DEVICE_FAMILY = 3;
				TVOS_DEPLOYMENT_TARGET = 17.4;
			};
			name = Debug;
		};
		386B2EF82BEF1EA700FCF947 /* Release */ = {
			isa = XCBuildConfiguration;
			buildSettings = {
				ASSETCATALOG_COMPILER_APPICON_NAME = "App Icon & Top Shelf Image";
				ASSETCATALOG_COMPILER_GLOBAL_ACCENT_COLOR_NAME = AccentColor;
				CODE_SIGN_STYLE = Automatic;
				CURRENT_PROJECT_VERSION = 1;
				DEVELOPMENT_ASSET_PATHS = "\"StossycordAppleTV/Preview Content\"";
				DEVELOPMENT_TEAM = 95J8WZ4TN8;
				ENABLE_PREVIEWS = YES;
				GENERATE_INFOPLIST_FILE = YES;
				INFOPLIST_KEY_CFBundleDisplayName = Stossycord;
				INFOPLIST_KEY_UILaunchScreen_Generation = YES;
				INFOPLIST_KEY_UIUserInterfaceStyle = Automatic;
				LD_RUNPATH_SEARCH_PATHS = (
					"$(inherited)",
					"@executable_path/Frameworks",
				);
				MARKETING_VERSION = 1.0;
				PRODUCT_BUNDLE_IDENTIFIER = com.stossy11.StossycordAppleTV;
				PRODUCT_NAME = "$(TARGET_NAME)";
				SDKROOT = appletvos;
				SWIFT_EMIT_LOC_STRINGS = YES;
				SWIFT_VERSION = 5.0;
				TARGETED_DEVICE_FAMILY = 3;
				TVOS_DEPLOYMENT_TARGET = 17.4;
			};
			name = Release;
		};
		387AD0682BE5EBE20073CADF /* Debug */ = {
			isa = XCBuildConfiguration;
			buildSettings = {
				ALWAYS_SEARCH_USER_PATHS = NO;
				ASSETCATALOG_COMPILER_GENERATE_SWIFT_ASSET_SYMBOL_EXTENSIONS = YES;
				CLANG_ANALYZER_NONNULL = YES;
				CLANG_ANALYZER_NUMBER_OBJECT_CONVERSION = YES_AGGRESSIVE;
				CLANG_CXX_LANGUAGE_STANDARD = "gnu++20";
				CLANG_ENABLE_MODULES = YES;
				CLANG_ENABLE_OBJC_ARC = YES;
				CLANG_ENABLE_OBJC_WEAK = YES;
				CLANG_WARN_BLOCK_CAPTURE_AUTORELEASING = YES;
				CLANG_WARN_BOOL_CONVERSION = YES;
				CLANG_WARN_COMMA = YES;
				CLANG_WARN_CONSTANT_CONVERSION = YES;
				CLANG_WARN_DEPRECATED_OBJC_IMPLEMENTATIONS = YES;
				CLANG_WARN_DIRECT_OBJC_ISA_USAGE = YES_ERROR;
				CLANG_WARN_DOCUMENTATION_COMMENTS = YES;
				CLANG_WARN_EMPTY_BODY = YES;
				CLANG_WARN_ENUM_CONVERSION = YES;
				CLANG_WARN_INFINITE_RECURSION = YES;
				CLANG_WARN_INT_CONVERSION = YES;
				CLANG_WARN_NON_LITERAL_NULL_CONVERSION = YES;
				CLANG_WARN_OBJC_IMPLICIT_RETAIN_SELF = YES;
				CLANG_WARN_OBJC_LITERAL_CONVERSION = YES;
				CLANG_WARN_OBJC_ROOT_CLASS = YES_ERROR;
				CLANG_WARN_QUOTED_INCLUDE_IN_FRAMEWORK_HEADER = YES;
				CLANG_WARN_RANGE_LOOP_ANALYSIS = YES;
				CLANG_WARN_STRICT_PROTOTYPES = YES;
				CLANG_WARN_SUSPICIOUS_MOVE = YES;
				CLANG_WARN_UNGUARDED_AVAILABILITY = YES_AGGRESSIVE;
				CLANG_WARN_UNREACHABLE_CODE = YES;
				CLANG_WARN__DUPLICATE_METHOD_MATCH = YES;
				COPY_PHASE_STRIP = NO;
				DEBUG_INFORMATION_FORMAT = dwarf;
				ENABLE_STRICT_OBJC_MSGSEND = YES;
				ENABLE_TESTABILITY = YES;
				ENABLE_USER_SCRIPT_SANDBOXING = YES;
				GCC_C_LANGUAGE_STANDARD = gnu17;
				GCC_DYNAMIC_NO_PIC = NO;
				GCC_NO_COMMON_BLOCKS = YES;
				GCC_OPTIMIZATION_LEVEL = 0;
				GCC_PREPROCESSOR_DEFINITIONS = (
					"DEBUG=1",
					"$(inherited)",
				);
				GCC_WARN_64_TO_32_BIT_CONVERSION = YES;
				GCC_WARN_ABOUT_RETURN_TYPE = YES_ERROR;
				GCC_WARN_UNDECLARED_SELECTOR = YES;
				GCC_WARN_UNINITIALIZED_AUTOS = YES_AGGRESSIVE;
				GCC_WARN_UNUSED_FUNCTION = YES;
				GCC_WARN_UNUSED_VARIABLE = YES;
				IPHONEOS_DEPLOYMENT_TARGET = 17.4;
				LOCALIZATION_PREFERS_STRING_CATALOGS = YES;
				MTL_ENABLE_DEBUG_INFO = INCLUDE_SOURCE;
				MTL_FAST_MATH = YES;
				ONLY_ACTIVE_ARCH = YES;
				SDKROOT = iphoneos;
				SWIFT_ACTIVE_COMPILATION_CONDITIONS = "DEBUG $(inherited)";
				SWIFT_OPTIMIZATION_LEVEL = "-Onone";
			};
			name = Debug;
		};
		387AD0692BE5EBE20073CADF /* Release */ = {
			isa = XCBuildConfiguration;
			buildSettings = {
				ALWAYS_SEARCH_USER_PATHS = NO;
				ASSETCATALOG_COMPILER_GENERATE_SWIFT_ASSET_SYMBOL_EXTENSIONS = YES;
				CLANG_ANALYZER_NONNULL = YES;
				CLANG_ANALYZER_NUMBER_OBJECT_CONVERSION = YES_AGGRESSIVE;
				CLANG_CXX_LANGUAGE_STANDARD = "gnu++20";
				CLANG_ENABLE_MODULES = YES;
				CLANG_ENABLE_OBJC_ARC = YES;
				CLANG_ENABLE_OBJC_WEAK = YES;
				CLANG_WARN_BLOCK_CAPTURE_AUTORELEASING = YES;
				CLANG_WARN_BOOL_CONVERSION = YES;
				CLANG_WARN_COMMA = YES;
				CLANG_WARN_CONSTANT_CONVERSION = YES;
				CLANG_WARN_DEPRECATED_OBJC_IMPLEMENTATIONS = YES;
				CLANG_WARN_DIRECT_OBJC_ISA_USAGE = YES_ERROR;
				CLANG_WARN_DOCUMENTATION_COMMENTS = YES;
				CLANG_WARN_EMPTY_BODY = YES;
				CLANG_WARN_ENUM_CONVERSION = YES;
				CLANG_WARN_INFINITE_RECURSION = YES;
				CLANG_WARN_INT_CONVERSION = YES;
				CLANG_WARN_NON_LITERAL_NULL_CONVERSION = YES;
				CLANG_WARN_OBJC_IMPLICIT_RETAIN_SELF = YES;
				CLANG_WARN_OBJC_LITERAL_CONVERSION = YES;
				CLANG_WARN_OBJC_ROOT_CLASS = YES_ERROR;
				CLANG_WARN_QUOTED_INCLUDE_IN_FRAMEWORK_HEADER = YES;
				CLANG_WARN_RANGE_LOOP_ANALYSIS = YES;
				CLANG_WARN_STRICT_PROTOTYPES = YES;
				CLANG_WARN_SUSPICIOUS_MOVE = YES;
				CLANG_WARN_UNGUARDED_AVAILABILITY = YES_AGGRESSIVE;
				CLANG_WARN_UNREACHABLE_CODE = YES;
				CLANG_WARN__DUPLICATE_METHOD_MATCH = YES;
				COPY_PHASE_STRIP = NO;
				DEBUG_INFORMATION_FORMAT = "dwarf-with-dsym";
				ENABLE_NS_ASSERTIONS = NO;
				ENABLE_STRICT_OBJC_MSGSEND = YES;
				ENABLE_USER_SCRIPT_SANDBOXING = YES;
				GCC_C_LANGUAGE_STANDARD = gnu17;
				GCC_NO_COMMON_BLOCKS = YES;
				GCC_WARN_64_TO_32_BIT_CONVERSION = YES;
				GCC_WARN_ABOUT_RETURN_TYPE = YES_ERROR;
				GCC_WARN_UNDECLARED_SELECTOR = YES;
				GCC_WARN_UNINITIALIZED_AUTOS = YES_AGGRESSIVE;
				GCC_WARN_UNUSED_FUNCTION = YES;
				GCC_WARN_UNUSED_VARIABLE = YES;
				IPHONEOS_DEPLOYMENT_TARGET = 17.4;
				LOCALIZATION_PREFERS_STRING_CATALOGS = YES;
				MTL_ENABLE_DEBUG_INFO = NO;
				MTL_FAST_MATH = YES;
				SDKROOT = iphoneos;
				SWIFT_COMPILATION_MODE = wholemodule;
				VALIDATE_PRODUCT = YES;
			};
			name = Release;
		};
		38CDD4E92BF0C9E0005A03CA /* Debug */ = {
			isa = XCBuildConfiguration;
			buildSettings = {
				ASSETCATALOG_COMPILER_APPICON_NAME = AppIcon;
				ASSETCATALOG_COMPILER_GLOBAL_ACCENT_COLOR_NAME = AccentColor;
				CODE_SIGN_ENTITLEMENTS = StossycordmacOS/StossycordmacOS.entitlements;
				CODE_SIGN_STYLE = Automatic;
				COMBINE_HIDPI_IMAGES = YES;
				CURRENT_PROJECT_VERSION = 1;
				DEVELOPMENT_ASSET_PATHS = "\"StossycordmacOS/Preview Content\"";
				DEVELOPMENT_TEAM = 95J8WZ4TN8;
				ENABLE_HARDENED_RUNTIME = YES;
				ENABLE_PREVIEWS = YES;
				GENERATE_INFOPLIST_FILE = YES;
				INFOPLIST_KEY_CFBundleDisplayName = Stossycord;
				INFOPLIST_KEY_NSHumanReadableCopyright = "";
				LD_RUNPATH_SEARCH_PATHS = (
					"$(inherited)",
					"@executable_path/../Frameworks",
				);
				MACOSX_DEPLOYMENT_TARGET = 14.4;
				MARKETING_VERSION = 1.0;
				PRODUCT_BUNDLE_IDENTIFIER = "com.stossy11.Stossycord-macOS";
				PRODUCT_NAME = "$(TARGET_NAME)";
				SDKROOT = macosx;
				SWIFT_EMIT_LOC_STRINGS = YES;
				SWIFT_VERSION = 5.0;
			};
			name = Debug;
		};
		38CDD4EA2BF0C9E0005A03CA /* Release */ = {
			isa = XCBuildConfiguration;
			buildSettings = {
				ASSETCATALOG_COMPILER_APPICON_NAME = AppIcon;
				ASSETCATALOG_COMPILER_GLOBAL_ACCENT_COLOR_NAME = AccentColor;
				CODE_SIGN_ENTITLEMENTS = StossycordmacOS/StossycordmacOS.entitlements;
				CODE_SIGN_STYLE = Automatic;
				COMBINE_HIDPI_IMAGES = YES;
				CURRENT_PROJECT_VERSION = 1;
				DEVELOPMENT_ASSET_PATHS = "\"StossycordmacOS/Preview Content\"";
				DEVELOPMENT_TEAM = 95J8WZ4TN8;
				ENABLE_HARDENED_RUNTIME = YES;
				ENABLE_PREVIEWS = YES;
				GENERATE_INFOPLIST_FILE = YES;
				INFOPLIST_KEY_CFBundleDisplayName = Stossycord;
				INFOPLIST_KEY_NSHumanReadableCopyright = "";
				LD_RUNPATH_SEARCH_PATHS = (
					"$(inherited)",
					"@executable_path/../Frameworks",
				);
				MACOSX_DEPLOYMENT_TARGET = 14.4;
				MARKETING_VERSION = 1.0;
				PRODUCT_BUNDLE_IDENTIFIER = "com.stossy11.Stossycord-macOS";
				PRODUCT_NAME = "$(TARGET_NAME)";
				SDKROOT = macosx;
				SWIFT_EMIT_LOC_STRINGS = YES;
				SWIFT_VERSION = 5.0;
			};
			name = Release;
		};
/* End XCBuildConfiguration section */

/* Begin XCConfigurationList section */
		38403B5C2BEF09DC0037A8E2 /* Build configuration list for PBXNativeTarget "Stossycord" */ = {
			isa = XCConfigurationList;
			buildConfigurations = (
				38403B562BEF09DC0037A8E2 /* Debug */,
				38403B572BEF09DC0037A8E2 /* Release */,
			);
			defaultConfigurationIsVisible = 0;
			defaultConfigurationName = Release;
		};
		386B2EF62BEF1EA700FCF947 /* Build configuration list for PBXNativeTarget "StossycordAppleTV" */ = {
			isa = XCConfigurationList;
			buildConfigurations = (
				386B2EF72BEF1EA700FCF947 /* Debug */,
				386B2EF82BEF1EA700FCF947 /* Release */,
			);
			defaultConfigurationIsVisible = 0;
			defaultConfigurationName = Release;
		};
		387AD0412BE5EBE10073CADF /* Build configuration list for PBXProject "Stossy11DIscord" */ = {
			isa = XCConfigurationList;
			buildConfigurations = (
				387AD0682BE5EBE20073CADF /* Debug */,
				387AD0692BE5EBE20073CADF /* Release */,
			);
			defaultConfigurationIsVisible = 0;
			defaultConfigurationName = Release;
		};
		38CDD4EB2BF0C9E0005A03CA /* Build configuration list for PBXNativeTarget "StossycordmacOS" */ = {
			isa = XCConfigurationList;
			buildConfigurations = (
				38CDD4E92BF0C9E0005A03CA /* Debug */,
				38CDD4EA2BF0C9E0005A03CA /* Release */,
			);
			defaultConfigurationIsVisible = 0;
			defaultConfigurationName = Release;
		};
/* End XCConfigurationList section */

/* Begin XCRemoteSwiftPackageReference section */
		38303C5F2BECA33E0085D277 /* XCRemoteSwiftPackageReference "keychain-swift" */ = {
			isa = XCRemoteSwiftPackageReference;
			repositoryURL = "https://github.com/evgenyneu/keychain-swift";
			requirement = {
				kind = upToNextMajorVersion;
				minimumVersion = 24.0.0;
			};
		};
		38AB136D2BE646BC002104B0 /* XCRemoteSwiftPackageReference "Starscream" */ = {
			isa = XCRemoteSwiftPackageReference;
			repositoryURL = "https://github.com/daltoniam/Starscream";
			requirement = {
				kind = upToNextMajorVersion;
				minimumVersion = 4.0.8;
			};
		};
		38CDD4F62BF0CD7F005A03CA /* XCRemoteSwiftPackageReference "giffy" */ = {
			isa = XCRemoteSwiftPackageReference;
			repositoryURL = "https://github.com/tfmart/giffy";
			requirement = {
				branch = main;
				kind = branch;
			};
		};
/* End XCRemoteSwiftPackageReference section */

/* Begin XCSwiftPackageProductDependency section */
		38403B6A2BEF0B2A0037A8E2 /* KeychainSwift */ = {
			isa = XCSwiftPackageProductDependency;
			package = 38303C5F2BECA33E0085D277 /* XCRemoteSwiftPackageReference "keychain-swift" */;
			productName = KeychainSwift;
		};
		38403B6C2BEF0B550037A8E2 /* Starscream */ = {
			isa = XCSwiftPackageProductDependency;
			package = 38AB136D2BE646BC002104B0 /* XCRemoteSwiftPackageReference "Starscream" */;
			productName = Starscream;
		};
		386B2EFF2BEF1FEB00FCF947 /* KeychainSwift */ = {
			isa = XCSwiftPackageProductDependency;
			package = 38303C5F2BECA33E0085D277 /* XCRemoteSwiftPackageReference "keychain-swift" */;
			productName = KeychainSwift;
		};
		386B2F012BEF1FFB00FCF947 /* Starscream */ = {
			isa = XCSwiftPackageProductDependency;
			package = 38AB136D2BE646BC002104B0 /* XCRemoteSwiftPackageReference "Starscream" */;
			productName = Starscream;
		};
		38CDD4EC2BF0CBB6005A03CA /* Starscream */ = {
			isa = XCSwiftPackageProductDependency;
			package = 38AB136D2BE646BC002104B0 /* XCRemoteSwiftPackageReference "Starscream" */;
			productName = Starscream;
		};
		38CDD4EE2BF0CBBF005A03CA /* KeychainSwift */ = {
			isa = XCSwiftPackageProductDependency;
			package = 38303C5F2BECA33E0085D277 /* XCRemoteSwiftPackageReference "keychain-swift" */;
			productName = KeychainSwift;
		};
		38CDD4F72BF0CD80005A03CA /* Giffy */ = {
			isa = XCSwiftPackageProductDependency;
			package = 38CDD4F62BF0CD7F005A03CA /* XCRemoteSwiftPackageReference "giffy" */;
			productName = Giffy;
		};
		38CDD4F92BF0CD8A005A03CA /* Giffy */ = {
			isa = XCSwiftPackageProductDependency;
			package = 38CDD4F62BF0CD7F005A03CA /* XCRemoteSwiftPackageReference "giffy" */;
			productName = Giffy;
		};
/* End XCSwiftPackageProductDependency section */
	};
	rootObject = 387AD03E2BE5EBE10073CADF /* Project object */;
}
