// !$*UTF8*$!
{
	archiveVersion = 1;
	classes = {
	};
	objectVersion = 77;
	objects = {

/* Begin PBXBuildFile section */
		4E099B762C9BD7BF00C2D383 /* CocoaAsyncSocket in Frameworks */ = {isa = PBXBuildFile; productRef = 4E099B752C9BD7BF00C2D383 /* CocoaAsyncSocket */; };
		4E099B792C9BD7C800C2D383 /* Giffy in Frameworks */ = {isa = PBXBuildFile; platformFilter = ios; productRef = 4E099B782C9BD7C800C2D383 /* Giffy */; };
		4E099B7C2C9BD7D100C2D383 /* KeychainSwift in Frameworks */ = {isa = PBXBuildFile; productRef = 4E099B7B2C9BD7D100C2D383 /* KeychainSwift */; };
		4E099B7F2C9BD7DB00C2D383 /* OggDecoder in Frameworks */ = {isa = PBXBuildFile; productRef = 4E099B7E2C9BD7DB00C2D383 /* OggDecoder */; };
		4E099B822C9BD7EC00C2D383 /* Starscream in Frameworks */ = {isa = PBXBuildFile; productRef = 4E099B812C9BD7EC00C2D383 /* Starscream */; };
		8D1E628F2D6DD93200706060 /* MarkdownUI in Frameworks */ = {isa = PBXBuildFile; productRef = 8D1E628E2D6DD93200706060 /* MarkdownUI */; };
/* End PBXBuildFile section */

/* Begin PBXFileReference section */
		4E099B632C9BD76C00C2D383 /* Stossycord.app */ = {isa = PBXFileReference; explicitFileType = wrapper.application; includeInIndex = 0; path = Stossycord.app; sourceTree = BUILT_PRODUCTS_DIR; };
/* End PBXFileReference section */

/* Begin PBXFileSystemSynchronizedBuildFileExceptionSet section */
		4E4F31562C9E7ADB00C545DD /* Exceptions for "Stossycord" folder in "Stossycord" target */ = {
			isa = PBXFileSystemSynchronizedBuildFileExceptionSet;
			membershipExceptions = (
				Info.plist,
			);
			target = 4E099B622C9BD76C00C2D383 /* Stossycord */;
		};
/* End PBXFileSystemSynchronizedBuildFileExceptionSet section */

/* Begin PBXFileSystemSynchronizedRootGroup section */
		4E099B652C9BD76C00C2D383 /* Stossycord */ = {
			isa = PBXFileSystemSynchronizedRootGroup;
			exceptions = (
				4E4F31562C9E7ADB00C545DD /* Exceptions for "Stossycord" folder in "Stossycord" target */,
			);
			path = Stossycord;
			sourceTree = "<group>";
		};
/* End PBXFileSystemSynchronizedRootGroup section */

/* Begin PBXFrameworksBuildPhase section */
		4E099B602C9BD76C00C2D383 /* Frameworks */ = {
			isa = PBXFrameworksBuildPhase;
			buildActionMask = 2147483647;
			files = (
				4E099B7C2C9BD7D100C2D383 /* KeychainSwift in Frameworks */,
				4E099B7F2C9BD7DB00C2D383 /* OggDecoder in Frameworks */,
				4E099B792C9BD7C800C2D383 /* Giffy in Frameworks */,
				8D1E628F2D6DD93200706060 /* MarkdownUI in Frameworks */,
				4E099B822C9BD7EC00C2D383 /* Starscream in Frameworks */,
				4E099B762C9BD7BF00C2D383 /* CocoaAsyncSocket in Frameworks */,
			);
			runOnlyForDeploymentPostprocessing = 0;
		};
/* End PBXFrameworksBuildPhase section */

/* Begin PBXGroup section */
		4E099B5A2C9BD76C00C2D383 = {
			isa = PBXGroup;
			children = (
				4E099B652C9BD76C00C2D383 /* Stossycord */,
				4E099B642C9BD76C00C2D383 /* Products */,
			);
			sourceTree = "<group>";
		};
		4E099B642C9BD76C00C2D383 /* Products */ = {
			isa = PBXGroup;
			children = (
				4E099B632C9BD76C00C2D383 /* Stossycord.app */,
			);
			name = Products;
			sourceTree = "<group>";
		};
/* End PBXGroup section */

/* Begin PBXNativeTarget section */
		4E099B622C9BD76C00C2D383 /* Stossycord */ = {
			isa = PBXNativeTarget;
			buildConfigurationList = 4E099B712C9BD76E00C2D383 /* Build configuration list for PBXNativeTarget "Stossycord" */;
			buildPhases = (
				4E099B5F2C9BD76C00C2D383 /* Sources */,
				4E099B602C9BD76C00C2D383 /* Frameworks */,
				4E099B612C9BD76C00C2D383 /* Resources */,
			);
			buildRules = (
			);
			dependencies = (
			);
			fileSystemSynchronizedGroups = (
				4E099B652C9BD76C00C2D383 /* Stossycord */,
			);
			name = Stossycord;
			packageProductDependencies = (
				4E099B752C9BD7BF00C2D383 /* CocoaAsyncSocket */,
				4E099B782C9BD7C800C2D383 /* Giffy */,
				4E099B7B2C9BD7D100C2D383 /* KeychainSwift */,
				4E099B7E2C9BD7DB00C2D383 /* OggDecoder */,
				4E099B812C9BD7EC00C2D383 /* Starscream */,
				8D1E628E2D6DD93200706060 /* MarkdownUI */,
			);
			productName = Stossycord;
			productReference = 4E099B632C9BD76C00C2D383 /* Stossycord.app */;
			productType = "com.apple.product-type.application";
		};
/* End PBXNativeTarget section */

/* Begin PBXProject section */
		4E099B5B2C9BD76C00C2D383 /* Project object */ = {
			isa = PBXProject;
			attributes = {
				BuildIndependentTargetsInParallel = 1;
				LastSwiftUpdateCheck = 1600;
				LastUpgradeCheck = 1600;
				TargetAttributes = {
					4E099B622C9BD76C00C2D383 = {
						CreatedOnToolsVersion = 16.0;
					};
				};
			};
			buildConfigurationList = 4E099B5E2C9BD76C00C2D383 /* Build configuration list for PBXProject "Stossycord" */;
			developmentRegion = en;
			hasScannedForEncodings = 0;
			knownRegions = (
				en,
				Base,
			);
			mainGroup = 4E099B5A2C9BD76C00C2D383;
			minimizedProjectReferenceProxies = 1;
			packageReferences = (
				4E099B742C9BD7BF00C2D383 /* XCRemoteSwiftPackageReference "CocoaAsyncSocket" */,
				4E099B772C9BD7C800C2D383 /* XCRemoteSwiftPackageReference "giffy" */,
				4E099B7A2C9BD7D100C2D383 /* XCRemoteSwiftPackageReference "keychain-swift" */,
				4E099B7D2C9BD7DB00C2D383 /* XCRemoteSwiftPackageReference "OggDecoder" */,
				4E099B802C9BD7EC00C2D383 /* XCRemoteSwiftPackageReference "Starscream" */,
				8D1E628D2D6DD93200706060 /* XCRemoteSwiftPackageReference "swift-markdown-ui" */,
			);
			preferredProjectObjectVersion = 77;
			productRefGroup = 4E099B642C9BD76C00C2D383 /* Products */;
			projectDirPath = "";
			projectRoot = "";
			targets = (
				4E099B622C9BD76C00C2D383 /* Stossycord */,
			);
		};
/* End PBXProject section */

/* Begin PBXResourcesBuildPhase section */
		4E099B612C9BD76C00C2D383 /* Resources */ = {
			isa = PBXResourcesBuildPhase;
			buildActionMask = 2147483647;
			files = (
			);
			runOnlyForDeploymentPostprocessing = 0;
		};
/* End PBXResourcesBuildPhase section */

/* Begin PBXSourcesBuildPhase section */
		4E099B5F2C9BD76C00C2D383 /* Sources */ = {
			isa = PBXSourcesBuildPhase;
			buildActionMask = 2147483647;
			files = (
			);
			runOnlyForDeploymentPostprocessing = 0;
		};
/* End PBXSourcesBuildPhase section */

/* Begin XCBuildConfiguration section */
		4E099B6F2C9BD76E00C2D383 /* Debug */ = {
			isa = XCBuildConfiguration;
			buildSettings = {
				ALWAYS_SEARCH_USER_PATHS = NO;
				ASSETCATALOG_COMPILER_GENERATE_SWIFT_ASSET_SYMBOL_EXTENSIONS = YES;
				CLANG_ANALYZER_NONNULL = YES;
				CLANG_ANALYZER_NUMBER_OBJECT_CONVERSION = YES_AGGRESSIVE;
				CLANG_CXX_LANGUAGE_STANDARD = "gnu++20";
				CLANG_ENABLE_MODULES = YES;
				CLANG_ENABLE_OBJC_ARC = YES;
				CLANG_ENABLE_OBJC_WEAK = YES;
				CLANG_WARN_BLOCK_CAPTURE_AUTORELEASING = YES;
				CLANG_WARN_BOOL_CONVERSION = YES;
				CLANG_WARN_COMMA = YES;
				CLANG_WARN_CONSTANT_CONVERSION = YES;
				CLANG_WARN_DEPRECATED_OBJC_IMPLEMENTATIONS = YES;
				CLANG_WARN_DIRECT_OBJC_ISA_USAGE = YES_ERROR;
				CLANG_WARN_DOCUMENTATION_COMMENTS = YES;
				CLANG_WARN_EMPTY_BODY = YES;
				CLANG_WARN_ENUM_CONVERSION = YES;
				CLANG_WARN_INFINITE_RECURSION = YES;
				CLANG_WARN_INT_CONVERSION = YES;
				CLANG_WARN_NON_LITERAL_NULL_CONVERSION = YES;
				CLANG_WARN_OBJC_IMPLICIT_RETAIN_SELF = YES;
				CLANG_WARN_OBJC_LITERAL_CONVERSION = YES;
				CLANG_WARN_OBJC_ROOT_CLASS = YES_ERROR;
				CLANG_WARN_QUOTED_INCLUDE_IN_FRAMEWORK_HEADER = YES;
				CLANG_WARN_RANGE_LOOP_ANALYSIS = YES;
				CLANG_WARN_STRICT_PROTOTYPES = YES;
				CLANG_WARN_SUSPICIOUS_MOVE = YES;
				CLANG_WARN_UNGUARDED_AVAILABILITY = YES_AGGRESSIVE;
				CLANG_WARN_UNREACHABLE_CODE = YES;
				CLANG_WARN__DUPLICATE_METHOD_MATCH = YES;
				COPY_PHASE_STRIP = NO;
				DEBUG_INFORMATION_FORMAT = dwarf;
				ENABLE_STRICT_OBJC_MSGSEND = YES;
				ENABLE_TESTABILITY = YES;
				ENABLE_USER_SCRIPT_SANDBOXING = YES;
				GCC_C_LANGUAGE_STANDARD = gnu17;
				GCC_DYNAMIC_NO_PIC = NO;
				GCC_NO_COMMON_BLOCKS = YES;
				GCC_OPTIMIZATION_LEVEL = 0;
				GCC_PREPROCESSOR_DEFINITIONS = (
					"DEBUG=1",
					"$(inherited)",
				);
				GCC_WARN_64_TO_32_BIT_CONVERSION = YES;
				GCC_WARN_ABOUT_RETURN_TYPE = YES_ERROR;
				GCC_WARN_UNDECLARED_SELECTOR = YES;
				GCC_WARN_UNINITIALIZED_AUTOS = YES_AGGRESSIVE;
				GCC_WARN_UNUSED_FUNCTION = YES;
				GCC_WARN_UNUSED_VARIABLE = YES;
				IPHONEOS_DEPLOYMENT_TARGET = 18.0;
				LOCALIZATION_PREFERS_STRING_CATALOGS = YES;
				MTL_ENABLE_DEBUG_INFO = INCLUDE_SOURCE;
				MTL_FAST_MATH = YES;
				ONLY_ACTIVE_ARCH = YES;
				SDKROOT = iphoneos;
				SWIFT_ACTIVE_COMPILATION_CONDITIONS = "DEBUG $(inherited)";
				SWIFT_OPTIMIZATION_LEVEL = "-Onone";
			};
			name = Debug;
		};
		4E099B702C9BD76E00C2D383 /* Release */ = {
			isa = XCBuildConfiguration;
			buildSettings = {
				ALWAYS_SEARCH_USER_PATHS = NO;
				ASSETCATALOG_COMPILER_GENERATE_SWIFT_ASSET_SYMBOL_EXTENSIONS = YES;
				CLANG_ANALYZER_NONNULL = YES;
				CLANG_ANALYZER_NUMBER_OBJECT_CONVERSION = YES_AGGRESSIVE;
				CLANG_CXX_LANGUAGE_STANDARD = "gnu++20";
				CLANG_ENABLE_MODULES = YES;
				CLANG_ENABLE_OBJC_ARC = YES;
				CLANG_ENABLE_OBJC_WEAK = YES;
				CLANG_WARN_BLOCK_CAPTURE_AUTORELEASING = YES;
				CLANG_WARN_BOOL_CONVERSION = YES;
				CLANG_WARN_COMMA = YES;
				CLANG_WARN_CONSTANT_CONVERSION = YES;
				CLANG_WARN_DEPRECATED_OBJC_IMPLEMENTATIONS = YES;
				CLANG_WARN_DIRECT_OBJC_ISA_USAGE = YES_ERROR;
				CLANG_WARN_DOCUMENTATION_COMMENTS = YES;
				CLANG_WARN_EMPTY_BODY = YES;
				CLANG_WARN_ENUM_CONVERSION = YES;
				CLANG_WARN_INFINITE_RECURSION = YES;
				CLANG_WARN_INT_CONVERSION = YES;
				CLANG_WARN_NON_LITERAL_NULL_CONVERSION = YES;
				CLANG_WARN_OBJC_IMPLICIT_RETAIN_SELF = YES;
				CLANG_WARN_OBJC_LITERAL_CONVERSION = YES;
				CLANG_WARN_OBJC_ROOT_CLASS = YES_ERROR;
				CLANG_WARN_QUOTED_INCLUDE_IN_FRAMEWORK_HEADER = YES;
				CLANG_WARN_RANGE_LOOP_ANALYSIS = YES;
				CLANG_WARN_STRICT_PROTOTYPES = YES;
				CLANG_WARN_SUSPICIOUS_MOVE = YES;
				CLANG_WARN_UNGUARDED_AVAILABILITY = YES_AGGRESSIVE;
				CLANG_WARN_UNREACHABLE_CODE = YES;
				CLANG_WARN__DUPLICATE_METHOD_MATCH = YES;
				COPY_PHASE_STRIP = NO;
				DEBUG_INFORMATION_FORMAT = "dwarf-with-dsym";
				ENABLE_NS_ASSERTIONS = NO;
				ENABLE_STRICT_OBJC_MSGSEND = YES;
				ENABLE_USER_SCRIPT_SANDBOXING = YES;
				GCC_C_LANGUAGE_STANDARD = gnu17;
				GCC_NO_COMMON_BLOCKS = YES;
				GCC_WARN_64_TO_32_BIT_CONVERSION = YES;
				GCC_WARN_ABOUT_RETURN_TYPE = YES_ERROR;
				GCC_WARN_UNDECLARED_SELECTOR = YES;
				GCC_WARN_UNINITIALIZED_AUTOS = YES_AGGRESSIVE;
				GCC_WARN_UNUSED_FUNCTION = YES;
				GCC_WARN_UNUSED_VARIABLE = YES;
				IPHONEOS_DEPLOYMENT_TARGET = 18.0;
				LOCALIZATION_PREFERS_STRING_CATALOGS = YES;
				MTL_ENABLE_DEBUG_INFO = NO;
				MTL_FAST_MATH = YES;
				SDKROOT = iphoneos;
				SWIFT_COMPILATION_MODE = wholemodule;
				VALIDATE_PRODUCT = YES;
			};
			name = Release;
		};
		4E099B722C9BD76E00C2D383 /* Debug */ = {
			isa = XCBuildConfiguration;
			buildSettings = {
				ASSETCATALOG_COMPILER_APPICON_NAME = AppIcon;
				ASSETCATALOG_COMPILER_GLOBAL_ACCENT_COLOR_NAME = AccentColor;
				CODE_SIGN_ENTITLEMENTS = Stossycord/Stossycord.entitlements;
				CODE_SIGN_STYLE = Automatic;
				CURRENT_PROJECT_VERSION = 1;
				DEVELOPMENT_ASSET_PATHS = "";
				DEVELOPMENT_TEAM = 44U4N2P8L5;
				ENABLE_PREVIEWS = YES;
				GENERATE_INFOPLIST_FILE = YES;
				INFOPLIST_FILE = Stossycord/Info.plist;
				INFOPLIST_KEY_NSDocumentsFolderUsageDescription = "We need access to your documents folder to import files.";
				INFOPLIST_KEY_NSFaceIDUsageDescription = "Stossycord needs Face ID to keep your Token Safe";
				INFOPLIST_KEY_NSFileProviderPresenceUsageDescription = "We need access to your file provider to import files.";
				INFOPLIST_KEY_NSPhotoLibraryAddUsageDescription = "Stossycord needs access to your Photo library to upload photos and videos to Discord";
				INFOPLIST_KEY_NSPhotoLibraryUsageDescription = "Stossycord needs access to your Photo library to upload photos and videos to Discord";
				INFOPLIST_KEY_UIApplicationSceneManifest_Generation = YES;
				INFOPLIST_KEY_UIApplicationSupportsIndirectInputEvents = YES;
				INFOPLIST_KEY_UILaunchScreen_Generation = YES;
				INFOPLIST_KEY_UISupportedInterfaceOrientations_iPad = "UIInterfaceOrientationPortrait UIInterfaceOrientationPortraitUpsideDown UIInterfaceOrientationLandscapeLeft UIInterfaceOrientationLandscapeRight";
				INFOPLIST_KEY_UISupportedInterfaceOrientations_iPhone = "UIInterfaceOrientationPortrait UIInterfaceOrientationLandscapeLeft UIInterfaceOrientationLandscapeRight";
				IPHONEOS_DEPLOYMENT_TARGET = 16.0;
				LD_RUNPATH_SEARCH_PATHS = (
					"$(inherited)",
					"@executable_path/Frameworks",
				);
				MACOSX_DEPLOYMENT_TARGET = 13;
				MARKETING_VERSION = 1.0;
				PRODUCT_BUNDLE_IDENTIFIER = com.stossy11.Stossycord;
				PRODUCT_NAME = "$(TARGET_NAME)";
				REGISTER_APP_GROUPS = NO;
				SUPPORTED_PLATFORMS = "iphoneos iphonesimulator macosx";
				SUPPORTS_MACCATALYST = NO;
				SUPPORTS_MAC_DESIGNED_FOR_IPHONE_IPAD = NO;
				SWIFT_EMIT_LOC_STRINGS = YES;
				SWIFT_VERSION = 5.0;
				TARGETED_DEVICE_FAMILY = "1,2,6";
			};
			name = Debug;
		};
		4E099B732C9BD76E00C2D383 /* Release */ = {
			isa = XCBuildConfiguration;
			buildSettings = {
				ASSETCATALOG_COMPILER_APPICON_NAME = AppIcon;
				ASSETCATALOG_COMPILER_GLOBAL_ACCENT_COLOR_NAME = AccentColor;
				CODE_SIGN_ENTITLEMENTS = Stossycord/Stossycord.entitlements;
				CODE_SIGN_STYLE = Automatic;
				CURRENT_PROJECT_VERSION = 1;
				DEVELOPMENT_ASSET_PATHS = "";
				DEVELOPMENT_TEAM = 44U4N2P8L5;
				ENABLE_PREVIEWS = YES;
				GENERATE_INFOPLIST_FILE = YES;
				INFOPLIST_FILE = Stossycord/Info.plist;
				INFOPLIST_KEY_NSDocumentsFolderUsageDescription = "We need access to your documents folder to import files.";
				INFOPLIST_KEY_NSFaceIDUsageDescription = "Stossycord needs Face ID to keep your Token Safe";
				INFOPLIST_KEY_NSFileProviderPresenceUsageDescription = "We need access to your file provider to import files.";
				INFOPLIST_KEY_NSPhotoLibraryAddUsageDescription = "Stossycord needs access to your Photo library to upload photos and videos to Discord";
				INFOPLIST_KEY_NSPhotoLibraryUsageDescription = "Stossycord needs access to your Photo library to upload photos and videos to Discord";
				INFOPLIST_KEY_UIApplicationSceneManifest_Generation = YES;
				INFOPLIST_KEY_UIApplicationSupportsIndirectInputEvents = YES;
				INFOPLIST_KEY_UILaunchScreen_Generation = YES;
				INFOPLIST_KEY_UISupportedInterfaceOrientations_iPad = "UIInterfaceOrientationPortrait UIInterfaceOrientationPortraitUpsideDown UIInterfaceOrientationLandscapeLeft UIInterfaceOrientationLandscapeRight";
				INFOPLIST_KEY_UISupportedInterfaceOrientations_iPhone = "UIInterfaceOrientationPortrait UIInterfaceOrientationLandscapeLeft UIInterfaceOrientationLandscapeRight";
				IPHONEOS_DEPLOYMENT_TARGET = 16.0;
				LD_RUNPATH_SEARCH_PATHS = (
					"$(inherited)",
					"@executable_path/Frameworks",
				);
				MACOSX_DEPLOYMENT_TARGET = 13;
				MARKETING_VERSION = 1.0;
				PRODUCT_BUNDLE_IDENTIFIER = com.stossy11.Stossycord;
				PRODUCT_NAME = "$(TARGET_NAME)";
				REGISTER_APP_GROUPS = NO;
				SUPPORTED_PLATFORMS = "iphoneos iphonesimulator macosx";
				SUPPORTS_MACCATALYST = NO;
				SUPPORTS_MAC_DESIGNED_FOR_IPHONE_IPAD = NO;
				SWIFT_EMIT_LOC_STRINGS = YES;
				SWIFT_VERSION = 5.0;
				TARGETED_DEVICE_FAMILY = "1,2,6";
			};
			name = Release;
		};
/* End XCBuildConfiguration section */

/* Begin XCConfigurationList section */
		4E099B5E2C9BD76C00C2D383 /* Build configuration list for PBXProject "Stossycord" */ = {
			isa = XCConfigurationList;
			buildConfigurations = (
				4E099B6F2C9BD76E00C2D383 /* Debug */,
				4E099B702C9BD76E00C2D383 /* Release */,
			);
			defaultConfigurationIsVisible = 0;
			defaultConfigurationName = Release;
		};
		4E099B712C9BD76E00C2D383 /* Build configuration list for PBXNativeTarget "Stossycord" */ = {
			isa = XCConfigurationList;
			buildConfigurations = (
				4E099B722C9BD76E00C2D383 /* Debug */,
				4E099B732C9BD76E00C2D383 /* Release */,
			);
			defaultConfigurationIsVisible = 0;
			defaultConfigurationName = Release;
		};
/* End XCConfigurationList section */

/* Begin XCRemoteSwiftPackageReference section */
		4E099B742C9BD7BF00C2D383 /* XCRemoteSwiftPackageReference "CocoaAsyncSocket" */ = {
			isa = XCRemoteSwiftPackageReference;
			repositoryURL = "https://github.com/robbiehanson/CocoaAsyncSocket";
			requirement = {
				kind = upToNextMajorVersion;
				minimumVersion = 7.6.5;
			};
		};
		4E099B772C9BD7C800C2D383 /* XCRemoteSwiftPackageReference "giffy" */ = {
			isa = XCRemoteSwiftPackageReference;
			repositoryURL = "https://github.com/tfmart/giffy";
			requirement = {
				branch = main;
				kind = branch;
			};
		};
		4E099B7A2C9BD7D100C2D383 /* XCRemoteSwiftPackageReference "keychain-swift" */ = {
			isa = XCRemoteSwiftPackageReference;
			repositoryURL = "https://github.com/evgenyneu/keychain-swift";
			requirement = {
				kind = upToNextMajorVersion;
				minimumVersion = 24.0.0;
			};
		};
		4E099B7D2C9BD7DB00C2D383 /* XCRemoteSwiftPackageReference "OggDecoder" */ = {
			isa = XCRemoteSwiftPackageReference;
			repositoryURL = "https://github.com/arkasas/OggDecoder.git";
			requirement = {
				branch = main;
				kind = branch;
			};
		};
		4E099B802C9BD7EC00C2D383 /* XCRemoteSwiftPackageReference "Starscream" */ = {
			isa = XCRemoteSwiftPackageReference;
			repositoryURL = "https://github.com/daltoniam/Starscream";
			requirement = {
				kind = upToNextMajorVersion;
				minimumVersion = 4.0.8;
			};
		};
		8D1E628D2D6DD93200706060 /* XCRemoteSwiftPackageReference "swift-markdown-ui" */ = {
			isa = XCRemoteSwiftPackageReference;
			repositoryURL = "https://github.com/gonzalezreal/swift-markdown-ui.git";
			requirement = {
				kind = upToNextMajorVersion;
				minimumVersion = 2.4.1;
			};
		};
/* End XCRemoteSwiftPackageReference section */

/* Begin XCSwiftPackageProductDependency section */
		4E099B752C9BD7BF00C2D383 /* CocoaAsyncSocket */ = {
			isa = XCSwiftPackageProductDependency;
			package = 4E099B742C9BD7BF00C2D383 /* XCRemoteSwiftPackageReference "CocoaAsyncSocket" */;
			productName = CocoaAsyncSocket;
		};
		4E099B782C9BD7C800C2D383 /* Giffy */ = {
			isa = XCSwiftPackageProductDependency;
			package = 4E099B772C9BD7C800C2D383 /* XCRemoteSwiftPackageReference "giffy" */;
			productName = Giffy;
		};
		4E099B7B2C9BD7D100C2D383 /* KeychainSwift */ = {
			isa = XCSwiftPackageProductDependency;
			package = 4E099B7A2C9BD7D100C2D383 /* XCRemoteSwiftPackageReference "keychain-swift" */;
			productName = KeychainSwift;
		};
		4E099B7E2C9BD7DB00C2D383 /* OggDecoder */ = {
			isa = XCSwiftPackageProductDependency;
			package = 4E099B7D2C9BD7DB00C2D383 /* XCRemoteSwiftPackageReference "OggDecoder" */;
			productName = OggDecoder;
		};
		4E099B812C9BD7EC00C2D383 /* Starscream */ = {
			isa = XCSwiftPackageProductDependency;
			package = 4E099B802C9BD7EC00C2D383 /* XCRemoteSwiftPackageReference "Starscream" */;
			productName = Starscream;
		};
		8D1E628E2D6DD93200706060 /* MarkdownUI */ = {
			isa = XCSwiftPackageProductDependency;
			package = 8D1E628D2D6DD93200706060 /* XCRemoteSwiftPackageReference "swift-markdown-ui" */;
			productName = MarkdownUI;
		};
/* End XCSwiftPackageProductDependency section */
	};
	rootObject = 4E099B5B2C9BD76C00C2D383 /* Project object */;
}
